Microsoft Visual Studio Solution File, Format Version 12.00
# Visual Studio Version 17
VisualStudioVersion = 17.5.2.0
MinimumVisualStudioVersion = 10.0.40219.1
Project("{FAE04EC0-301F-11D3-BF4B-00C04F79EFBC}") = "QRB", "QRB.csproj", "{EDE9EB61-BA3C-D6E8-02DD-525FDC3A49D0}"
EndProject
Global
	GlobalSection(SolutionConfigurationPlatforms) = preSolution
		Debug|Any CPU = Debug|Any CPU
		Release|Any CPU = Release|Any CPU
	EndGlobalSection
	GlobalSection(ProjectConfigurationPlatforms) = postSolution
		{EDE9EB61-BA3C-D6E8-02DD-525FDC3A49D0}.Debug|Any CPU.ActiveCfg = Debug|Any CPU
		{EDE9EB61-BA3C-D6E8-02DD-525FDC3A49D0}.Debug|Any CPU.Build.0 = Debug|Any CPU
		{EDE9EB61-BA3C-D6E8-02DD-525FDC3A49D0}.Release|Any CPU.ActiveCfg = Release|Any CPU
		{EDE9EB61-BA3C-D6E8-02DD-525FDC3A49D0}.Release|Any CPU.Build.0 = Release|Any CPU
	EndGlobalSection
	GlobalSection(SolutionProperties) = preSolution
		HideSolutionNode = FALSE
	EndGlobalSection
	GlobalSection(ExtensibilityGlobals) = postSolution
		SolutionGuid = {28F747F4-E927-4641-BF7B-99399793B834}
	EndGlobalSection
EndGlobal
